
Microsoft Visual Studio Solution File, Format Version 12.00
# Visual Studio Version 17
VisualStudioVersion = 17.14.36203.30
MinimumVisualStudioVersion = 10.0.40219.1
Project("{FAE04EC0-301F-11D3-BF4B-00C04F79EFBC}") = "ControleEstoque.API", "ControleEstoque.API\ControleEstoque.API.csproj", "{4A7C7352-00FC-4385-B446-DB3BF802A3E3}"
EndProject
Project("{FAE04EC0-301F-11D3-BF4B-00C04F79EFBC}") = "ControleEstoque.Application", "ControleEstoque.Application\ControleEstoque.Application.csproj", "{5F0E9F35-E74E-4076-AF1D-931384E7B72C}"
EndProject
Project("{FAE04EC0-301F-11D3-BF4B-00C04F79EFBC}") = "ControleEstoque.Core", "ControleEstoque.Core\ControleEstoque.Core.csproj", "{AEA9C86F-46BD-44AF-A2E7-80D3287A09DB}"
EndProject
Project("{FAE04EC0-301F-11D3-BF4B-00C04F79EFBC}") = "ControleEstoque.Infrastructure", "ControleEstoque.Infrastructure\ControleEstoque.Infrastructure.csproj", "{0CD43335-FE86-4F34-86A4-CC504D06ECCB}"
EndProject
Project("{FAE04EC0-301F-11D3-BF4B-00C04F79EFBC}") = "ControleEstoque.WorkerService", "ControleEstoque.WorkerService\ControleEstoque.WorkerService.csproj", "{A3813CE1-1A52-4D41-9287-134DF691B0AA}"
EndProject
Project("{FAE04EC0-301F-11D3-BF4B-00C04F79EFBC}") = "ControleEstoque.Testes", "ControleEstoque.Testes\ControleEstoque.Testes.csproj", "{FF46091C-D6AF-48AF-B700-697902D1EEDE}"
EndProject
Project("{2150E333-8FDC-42A3-9474-1A3956D46DE8}") = "Itens de Solução", "Itens de Solução", "{380A7511-A354-6D7A-0CC0-8FA1F1BA7B6C}"
EndProject
Global
	GlobalSection(SolutionConfigurationPlatforms) = preSolution
		Debug|Any CPU = Debug|Any CPU
		Release|Any CPU = Release|Any CPU
	EndGlobalSection
	GlobalSection(ProjectConfigurationPlatforms) = postSolution
		{4A7C7352-00FC-4385-B446-DB3BF802A3E3}.Debug|Any CPU.ActiveCfg = Debug|Any CPU
		{4A7C7352-00FC-4385-B446-DB3BF802A3E3}.Debug|Any CPU.Build.0 = Debug|Any CPU
		{4A7C7352-00FC-4385-B446-DB3BF802A3E3}.Release|Any CPU.ActiveCfg = Release|Any CPU
		{4A7C7352-00FC-4385-B446-DB3BF802A3E3}.Release|Any CPU.Build.0 = Release|Any CPU
		{5F0E9F35-E74E-4076-AF1D-931384E7B72C}.Debug|Any CPU.ActiveCfg = Debug|Any CPU
		{5F0E9F35-E74E-4076-AF1D-931384E7B72C}.Debug|Any CPU.Build.0 = Debug|Any CPU
		{5F0E9F35-E74E-4076-AF1D-931384E7B72C}.Release|Any CPU.ActiveCfg = Release|Any CPU
		{5F0E9F35-E74E-4076-AF1D-931384E7B72C}.Release|Any CPU.Build.0 = Release|Any CPU
		{AEA9C86F-46BD-44AF-A2E7-80D3287A09DB}.Debug|Any CPU.ActiveCfg = Debug|Any CPU
		{AEA9C86F-46BD-44AF-A2E7-80D3287A09DB}.Debug|Any CPU.Build.0 = Debug|Any CPU
		{AEA9C86F-46BD-44AF-A2E7-80D3287A09DB}.Release|Any CPU.ActiveCfg = Release|Any CPU
		{AEA9C86F-46BD-44AF-A2E7-80D3287A09DB}.Release|Any CPU.Build.0 = Release|Any CPU
		{0CD43335-FE86-4F34-86A4-CC504D06ECCB}.Debug|Any CPU.ActiveCfg = Debug|Any CPU
		{0CD43335-FE86-4F34-86A4-CC504D06ECCB}.Debug|Any CPU.Build.0 = Debug|Any CPU
		{0CD43335-FE86-4F34-86A4-CC504D06ECCB}.Release|Any CPU.ActiveCfg = Release|Any CPU
		{0CD43335-FE86-4F34-86A4-CC504D06ECCB}.Release|Any CPU.Build.0 = Release|Any CPU
		{A3813CE1-1A52-4D41-9287-134DF691B0AA}.Debug|Any CPU.ActiveCfg = Debug|Any CPU
		{A3813CE1-1A52-4D41-9287-134DF691B0AA}.Debug|Any CPU.Build.0 = Debug|Any CPU
		{A3813CE1-1A52-4D41-9287-134DF691B0AA}.Release|Any CPU.ActiveCfg = Release|Any CPU
		{A3813CE1-1A52-4D41-9287-134DF691B0AA}.Release|Any CPU.Build.0 = Release|Any CPU
		{FF46091C-D6AF-48AF-B700-697902D1EEDE}.Debug|Any CPU.ActiveCfg = Debug|Any CPU
		{FF46091C-D6AF-48AF-B700-697902D1EEDE}.Debug|Any CPU.Build.0 = Debug|Any CPU
		{FF46091C-D6AF-48AF-B700-697902D1EEDE}.Release|Any CPU.ActiveCfg = Release|Any CPU
		{FF46091C-D6AF-48AF-B700-697902D1EEDE}.Release|Any CPU.Build.0 = Release|Any CPU
	EndGlobalSection
	GlobalSection(SolutionProperties) = preSolution
		HideSolutionNode = FALSE
	EndGlobalSection
	GlobalSection(ExtensibilityGlobals) = postSolution
		SolutionGuid = {580BAAF7-4285-4948-BFC3-B5D6E8CFA3E8}
	EndGlobalSection
EndGlobal
